Microsoft Visual Studio Solution File, Format Version 12.00
# Visual Studio 15
VisualStudioVersion = 15.0.36324.19
MinimumVisualStudioVersion = 10.0.40219.1
Project("{FAE04EC0-301F-11D3-BF4B-00C04F79EFBC}") = "Example", "Example\Example.csproj", "{22169C3E-388F-4BF0-BA27-4423D0B1EF8C}"
EndProject
Project("{FAE04EC0-301F-11D3-BF4B-00C04F79EFBC}") = "Example.Tests", "Example.Tests\Example.Tests.csproj", "{537EB427-CC27-445D-BFEC-4134C5A111AD}"
EndProject
Global
	GlobalSection(SolutionConfigurationPlatforms) = preSolution
		Debug|Any CPU = Debug|Any CPU
		Release|Any CPU = Release|Any CPU
	EndGlobalSection
	GlobalSection(ProjectConfigurationPlatforms) = postSolution
		{22169C3E-388F-4BF0-BA27-4423D0B1EF8C}.Debug|Any CPU.ActiveCfg = Debug|Any CPU
		{22169C3E-388F-4BF0-BA27-4423D0B1EF8C}.Debug|Any CPU.Build.0 = Debug|Any CPU
		{22169C3E-388F-4BF0-BA27-4423D0B1EF8C}.Release|Any CPU.ActiveCfg = Release|Any CPU
		{22169C3E-388F-4BF0-BA27-4423D0B1EF8C}.Release|Any CPU.Build.0 = Release|Any CPU
		{537EB427-CC27-445D-BFEC-4134C5A111AD}.Debug|Any CPU.ActiveCfg = Debug|Any CPU
		{537EB427-CC27-445D-BFEC-4134C5A111AD}.Debug|Any CPU.Build.0 = Debug|Any CPU
		{537EB427-CC27-445D-BFEC-4134C5A111AD}.Release|Any CPU.ActiveCfg = Release|Any CPU
		{537EB427-CC27-445D-BFEC-4134C5A111AD}.Release|Any CPU.Build.0 = Release|Any CPU
	EndGlobalSection
	GlobalSection(SolutionProperties) = preSolution
		HideSolutionNode = FALSE
	EndGlobalSection
	GlobalSection(ExtensibilityGlobals) = postSolution
		SolutionGuid = {BCF873D2-557E-4844-9502-18D22ABD1840}
	EndGlobalSection
EndGlobal
